
Microsoft Visual Studio Solution File, Format Version 12.00
# Visual Studio Version 17
VisualStudioVersion = 17.5.002.0
MinimumVisualStudioVersion = 10.0.40219.1
Project("{9A19103F-16F7-4668-BE54-9A1E7A4F7556}") = "Exo.WebApi", "Exo.WebApi.csproj", "{BB964D74-44BD-4617-97F9-DAABC123AA9F}"
EndProject
Global
	GlobalSection(SolutionConfigurationPlatforms) = preSolution
		Debug|Any CPU = Debug|Any CPU
		Release|Any CPU = Release|Any CPU
	EndGlobalSection
	GlobalSection(ProjectConfigurationPlatforms) = postSolution
		{BB964D74-44BD-4617-97F9-DAABC123AA9F}.Debug|Any CPU.ActiveCfg = Debug|Any CPU
		{BB964D74-44BD-4617-97F9-DAABC123AA9F}.Debug|Any CPU.Build.0 = Debug|Any CPU
		{BB964D74-44BD-4617-97F9-DAABC123AA9F}.Release|Any CPU.ActiveCfg = Release|Any CPU
		{BB964D74-44BD-4617-97F9-DAABC123AA9F}.Release|Any CPU.Build.0 = Release|Any CPU
	EndGlobalSection
	GlobalSection(SolutionProperties) = preSolution
		HideSolutionNode = FALSE
	EndGlobalSection
	GlobalSection(ExtensibilityGlobals) = postSolution
		SolutionGuid = {91D2632E-B818-4093-99B2-FCABB87CA215}
	EndGlobalSection
EndGlobal
